{
  "name": "url-data-cache-async",
  "version": "1.22.0",
  "lockfileVersion": 2,
  "requires": true,
  "packages": {
    "": {
      "name": "url-data-cache-async",
      "version": "1.22.0",
      "license": "ISC",
      "dependencies": {
        "os-paths": "^3.0.2"
      }
    },
    "node_modules/os-paths": {
      "version": "3.0.2",
      "resolved": "https://registry.npmjs.org/os-paths/-/os-paths-3.0.2.tgz",
      "integrity": "sha512-8DRVh4XD9wbgAJmMK7aOHO0ikyI1Ifs19gOZktoAXuBhZEyXuBCFVWQjA4WcQXmAgoloz2Ogwyi2kF0yUm+vkA==",
      "engines": {
        "node": ">=6"
      }
    }
  },
  "dependencies": {
    "os-paths": {
      "version": "3.0.2",
      "resolved": "https://registry.npmjs.org/os-paths/-/os-paths-3.0.2.tgz",
      "integrity": "sha512-8DRVh4XD9wbgAJmMK7aOHO0ikyI1Ifs19gOZktoAXuBhZEyXuBCFVWQjA4WcQXmAgoloz2Ogwyi2kF0yUm+vkA=="
    }
  }
}
